
Microsoft Visual Studio Solution File, Format Version 12.00
# Visual Studio Version 16
VisualStudioVersion = 16.0.34301.259
MinimumVisualStudioVersion = 10.0.40219.1
Project("{9A19103F-16F7-4668-BE54-9A1E7A4F7556}") = "ACS.Common", "ACS.Common\ACS.Common.csproj", "{BE92662C-B7C7-4903-AE9C-57F8CF39741F}"
EndProject
Project("{9A19103F-16F7-4668-BE54-9A1E7A4F7556}") = "ACS.RobotApi", "ACS.RobotApi\ACS.RobotApi.csproj", "{A5166047-BD34-4EB7-960E-5C3EFF9C5A4C}"
EndProject
Project("{9A19103F-16F7-4668-BE54-9A1E7A4F7556}") = "ACS.RobotMap", "ACS.RobotMap\ACS.RobotMap.csproj", "{0F8FE84C-6B6D-4E7C-80D1-5940380CA587}"
EndProject
Project("{9A19103F-16F7-4668-BE54-9A1E7A4F7556}") = "ACS.Data", "ACS.Data\ACS.Data.csproj", "{CBE68CED-1D17-45DC-8788-6A6E9EA1297A}"
EndProject
Project("{2150E333-8FDC-42A3-9474-1A3956D46DE8}") = "1_DLL", "1_DLL", "{0DCB1310-0948-450B-98F7-D4A7421F47DA}"
EndProject
Project("{2150E333-8FDC-42A3-9474-1A3956D46DE8}") = "2_EXE", "2_EXE", "{553BEE60-14E9-4760-95AE-6FBCACA25F1E}"
EndProject
Project("{FAE04EC0-301F-11D3-BF4B-00C04F79EFBC}") = "AmkorK3_ACS", "ACS.Server\AmkorK3_ACS.csproj", "{CB8B253F-0FA5-4553-8766-8091673FC32D}"
EndProject
Project("{9A19103F-16F7-4668-BE54-9A1E7A4F7556}") = "ACS.Server.Charts", "ACS.Server.Charts\ACS.Server.Charts.csproj", "{5DFDB709-108D-46E4-9B32-232562DE948B}"
EndProject
Global
	GlobalSection(SolutionConfigurationPlatforms) = preSolution
		Debug|Any CPU = Debug|Any CPU
		Release|Any CPU = Release|Any CPU
	EndGlobalSection
	GlobalSection(ProjectConfigurationPlatforms) = postSolution
		{BE92662C-B7C7-4903-AE9C-57F8CF39741F}.Debug|Any CPU.ActiveCfg = Debug|Any CPU
		{BE92662C-B7C7-4903-AE9C-57F8CF39741F}.Debug|Any CPU.Build.0 = Debug|Any CPU
		{BE92662C-B7C7-4903-AE9C-57F8CF39741F}.Release|Any CPU.ActiveCfg = Release|Any CPU
		{BE92662C-B7C7-4903-AE9C-57F8CF39741F}.Release|Any CPU.Build.0 = Release|Any CPU
		{A5166047-BD34-4EB7-960E-5C3EFF9C5A4C}.Debug|Any CPU.ActiveCfg = Debug|Any CPU
		{A5166047-BD34-4EB7-960E-5C3EFF9C5A4C}.Debug|Any CPU.Build.0 = Debug|Any CPU
		{A5166047-BD34-4EB7-960E-5C3EFF9C5A4C}.Release|Any CPU.ActiveCfg = Release|Any CPU
		{A5166047-BD34-4EB7-960E-5C3EFF9C5A4C}.Release|Any CPU.Build.0 = Release|Any CPU
		{0F8FE84C-6B6D-4E7C-80D1-5940380CA587}.Debug|Any CPU.ActiveCfg = Debug|Any CPU
		{0F8FE84C-6B6D-4E7C-80D1-5940380CA587}.Debug|Any CPU.Build.0 = Debug|Any CPU
		{0F8FE84C-6B6D-4E7C-80D1-5940380CA587}.Release|Any CPU.ActiveCfg = Release|Any CPU
		{0F8FE84C-6B6D-4E7C-80D1-5940380CA587}.Release|Any CPU.Build.0 = Release|Any CPU
		{CBE68CED-1D17-45DC-8788-6A6E9EA1297A}.Debug|Any CPU.ActiveCfg = Debug|Any CPU
		{CBE68CED-1D17-45DC-8788-6A6E9EA1297A}.Debug|Any CPU.Build.0 = Debug|Any CPU
		{CBE68CED-1D17-45DC-8788-6A6E9EA1297A}.Release|Any CPU.ActiveCfg = Release|Any CPU
		{CBE68CED-1D17-45DC-8788-6A6E9EA1297A}.Release|Any CPU.Build.0 = Release|Any CPU
		{CB8B253F-0FA5-4553-8766-8091673FC32D}.Debug|Any CPU.ActiveCfg = Debug|Any CPU
		{CB8B253F-0FA5-4553-8766-8091673FC32D}.Debug|Any CPU.Build.0 = Debug|Any CPU
		{CB8B253F-0FA5-4553-8766-8091673FC32D}.Release|Any CPU.ActiveCfg = Release|Any CPU
		{CB8B253F-0FA5-4553-8766-8091673FC32D}.Release|Any CPU.Build.0 = Release|Any CPU
		{5DFDB709-108D-46E4-9B32-232562DE948B}.Debug|Any CPU.ActiveCfg = Debug|Any CPU
		{5DFDB709-108D-46E4-9B32-232562DE948B}.Debug|Any CPU.Build.0 = Debug|Any CPU
		{5DFDB709-108D-46E4-9B32-232562DE948B}.Release|Any CPU.ActiveCfg = Release|Any CPU
		{5DFDB709-108D-46E4-9B32-232562DE948B}.Release|Any CPU.Build.0 = Release|Any CPU
	EndGlobalSection
	GlobalSection(SolutionProperties) = preSolution
		HideSolutionNode = FALSE
	EndGlobalSection
	GlobalSection(NestedProjects) = preSolution
		{BE92662C-B7C7-4903-AE9C-57F8CF39741F} = {0DCB1310-0948-450B-98F7-D4A7421F47DA}
		{A5166047-BD34-4EB7-960E-5C3EFF9C5A4C} = {0DCB1310-0948-450B-98F7-D4A7421F47DA}
		{0F8FE84C-6B6D-4E7C-80D1-5940380CA587} = {0DCB1310-0948-450B-98F7-D4A7421F47DA}
		{CBE68CED-1D17-45DC-8788-6A6E9EA1297A} = {0DCB1310-0948-450B-98F7-D4A7421F47DA}
		{CB8B253F-0FA5-4553-8766-8091673FC32D} = {553BEE60-14E9-4760-95AE-6FBCACA25F1E}
		{5DFDB709-108D-46E4-9B32-232562DE948B} = {0DCB1310-0948-450B-98F7-D4A7421F47DA}
	EndGlobalSection
	GlobalSection(ExtensibilityGlobals) = postSolution
		SolutionGuid = {16D31EEC-BBE3-4AA3-AE91-B1C45F7EEDD2}
	EndGlobalSection
EndGlobal
